
Microsoft Visual Studio Solution File, Format Version 12.00
# Visual Studio Version 16
VisualStudioVersion = 16.0.30114.105
MinimumVisualStudioVersion = 10.0.40219.1
Project("{FAE04EC0-301F-11D3-BF4B-00C04F79EFBC}") = "API", "API\API.csproj", "{B13BDA53-E28E-404B-838F-3D98CBB224AC}"
EndProject
Project("{FAE04EC0-301F-11D3-BF4B-00C04F79EFBC}") = "Application", "Application\Application.csproj", "{6C56A384-01A7-48E4-86E1-A57E5A3AA7FD}"
EndProject
Project("{FAE04EC0-301F-11D3-BF4B-00C04F79EFBC}") = "Persistence", "Persistence\Persistence.csproj", "{E5EE0685-69EA-4A4C-8497-9F788E442343}"
EndProject
Project("{FAE04EC0-301F-11D3-BF4B-00C04F79EFBC}") = "Domain", "Domain\Domain.csproj", "{2740CE79-9162-45F7-8218-BB7E416CB4FF}"
EndProject
Global
	GlobalSection(SolutionConfigurationPlatforms) = preSolution
		Debug|Any CPU = Debug|Any CPU
		Release|Any CPU = Release|Any CPU
	EndGlobalSection
	GlobalSection(SolutionProperties) = preSolution
		HideSolutionNode = FALSE
	EndGlobalSection
	GlobalSection(ProjectConfigurationPlatforms) = postSolution
		{B13BDA53-E28E-404B-838F-3D98CBB224AC}.Debug|Any CPU.ActiveCfg = Debug|Any CPU
		{B13BDA53-E28E-404B-838F-3D98CBB224AC}.Debug|Any CPU.Build.0 = Debug|Any CPU
		{B13BDA53-E28E-404B-838F-3D98CBB224AC}.Release|Any CPU.ActiveCfg = Release|Any CPU
		{B13BDA53-E28E-404B-838F-3D98CBB224AC}.Release|Any CPU.Build.0 = Release|Any CPU
		{6C56A384-01A7-48E4-86E1-A57E5A3AA7FD}.Debug|Any CPU.ActiveCfg = Debug|Any CPU
		{6C56A384-01A7-48E4-86E1-A57E5A3AA7FD}.Debug|Any CPU.Build.0 = Debug|Any CPU
		{6C56A384-01A7-48E4-86E1-A57E5A3AA7FD}.Release|Any CPU.ActiveCfg = Release|Any CPU
		{6C56A384-01A7-48E4-86E1-A57E5A3AA7FD}.Release|Any CPU.Build.0 = Release|Any CPU
		{E5EE0685-69EA-4A4C-8497-9F788E442343}.Debug|Any CPU.ActiveCfg = Debug|Any CPU
		{E5EE0685-69EA-4A4C-8497-9F788E442343}.Debug|Any CPU.Build.0 = Debug|Any CPU
		{E5EE0685-69EA-4A4C-8497-9F788E442343}.Release|Any CPU.ActiveCfg = Release|Any CPU
		{E5EE0685-69EA-4A4C-8497-9F788E442343}.Release|Any CPU.Build.0 = Release|Any CPU
		{2740CE79-9162-45F7-8218-BB7E416CB4FF}.Debug|Any CPU.ActiveCfg = Debug|Any CPU
		{2740CE79-9162-45F7-8218-BB7E416CB4FF}.Debug|Any CPU.Build.0 = Debug|Any CPU
		{2740CE79-9162-45F7-8218-BB7E416CB4FF}.Release|Any CPU.ActiveCfg = Release|Any CPU
		{2740CE79-9162-45F7-8218-BB7E416CB4FF}.Release|Any CPU.Build.0 = Release|Any CPU
	EndGlobalSection
EndGlobal
